
Microsoft Visual Studio Solution File, Format Version 11.00
# Visual Studio 2010
Project("{FAE04EC0-301F-11D3-BF4B-00C04F79EFBC}") = "TaskManager", "TaskManager\TaskManager.csproj", "{382E6DA7-1A47-4184-824C-610C210FC5CD}"
EndProject
Global
	GlobalSection(SolutionConfigurationPlatforms) = preSolution
		Debug|x86 = Debug|x86
		Release|x86 = Release|x86
	EndGlobalSection
	GlobalSection(ProjectConfigurationPlatforms) = postSolution
		{382E6DA7-1A47-4184-824C-610C210FC5CD}.Debug|x86.ActiveCfg = Debug|x86
		{382E6DA7-1A47-4184-824C-610C210FC5CD}.Debug|x86.Build.0 = Debug|x86
		{382E6DA7-1A47-4184-824C-610C210FC5CD}.Release|x86.ActiveCfg = Release|x86
		{382E6DA7-1A47-4184-824C-610C210FC5CD}.Release|x86.Build.0 = Release|x86
	EndGlobalSection
	GlobalSection(SolutionProperties) = preSolution
		HideSolutionNode = FALSE
	EndGlobalSection
EndGlobal
